
Microsoft Visual Studio Solution File, Format Version 12.00
# Visual Studio Version 17
VisualStudioVersion = 17.14.36310.24 d17.14
MinimumVisualStudioVersion = 10.0.40219.1
Project("{FAE04EC0-301F-11D3-BF4B-00C04F79EFBC}") = "ContosoUniversity", "ContosoUniversity\ContosoUniversity.csproj", "{B954172A-5E98-4AF6-92FA-1190BC983D29}"
EndProject
Global
	GlobalSection(SolutionConfigurationPlatforms) = preSolution
		Debug|Any CPU = Debug|Any CPU
		Release|Any CPU = Release|Any CPU
	EndGlobalSection
	GlobalSection(ProjectConfigurationPlatforms) = postSolution
		{B954172A-5E98-4AF6-92FA-1190BC983D29}.Debug|Any CPU.ActiveCfg = Debug|Any CPU
		{B954172A-5E98-4AF6-92FA-1190BC983D29}.Debug|Any CPU.Build.0 = Debug|Any CPU
		{B954172A-5E98-4AF6-92FA-1190BC983D29}.Release|Any CPU.ActiveCfg = Release|Any CPU
		{B954172A-5E98-4AF6-92FA-1190BC983D29}.Release|Any CPU.Build.0 = Release|Any CPU
	EndGlobalSection
	GlobalSection(SolutionProperties) = preSolution
		HideSolutionNode = FALSE
	EndGlobalSection
	GlobalSection(ExtensibilityGlobals) = postSolution
		SolutionGuid = {DBF07105-BD87-484F-986D-6844ECFA9105}
	EndGlobalSection
EndGlobal
